
Microsoft Visual Studio Solution File, Format Version 12.00
# Visual Studio 14
VisualStudioVersion = 14.0.23107.0
MinimumVisualStudioVersion = 10.0.40219.1
Project("{FAE04EC0-301F-11D3-BF4B-00C04F79EFBC}") = "ImageRaider", "ImageRaider\ImageRaider.csproj", "{62B76E07-2910-4400-998F-F21E4450EC3B}"
EndProject
Project("{FAE04EC0-301F-11D3-BF4B-00C04F79EFBC}") = "ImageRaider.Console", "ImageRaider.Console\ImageRaider.Console.csproj", "{6D0D4A1E-C9C4-420C-BB6E-B756EEB35B05}"
EndProject
Global
	GlobalSection(SolutionConfigurationPlatforms) = preSolution
		Debug|Any CPU = Debug|Any CPU
		Release|Any CPU = Release|Any CPU
	EndGlobalSection
	GlobalSection(ProjectConfigurationPlatforms) = postSolution
		{62B76E07-2910-4400-998F-F21E4450EC3B}.Debug|Any CPU.ActiveCfg = Debug|Any CPU
		{62B76E07-2910-4400-998F-F21E4450EC3B}.Debug|Any CPU.Build.0 = Debug|Any CPU
		{62B76E07-2910-4400-998F-F21E4450EC3B}.Release|Any CPU.ActiveCfg = Release|Any CPU
		{62B76E07-2910-4400-998F-F21E4450EC3B}.Release|Any CPU.Build.0 = Release|Any CPU
		{6D0D4A1E-C9C4-420C-BB6E-B756EEB35B05}.Debug|Any CPU.ActiveCfg = Debug|Any CPU
		{6D0D4A1E-C9C4-420C-BB6E-B756EEB35B05}.Debug|Any CPU.Build.0 = Debug|Any CPU
		{6D0D4A1E-C9C4-420C-BB6E-B756EEB35B05}.Release|Any CPU.ActiveCfg = Release|Any CPU
		{6D0D4A1E-C9C4-420C-BB6E-B756EEB35B05}.Release|Any CPU.Build.0 = Release|Any CPU
	EndGlobalSection
	GlobalSection(SolutionProperties) = preSolution
		HideSolutionNode = FALSE
	EndGlobalSection
EndGlobal
